
Microsoft Visual Studio Solution File, Format Version 12.00
# Visual Studio Version 17
VisualStudioVersion = 17.7.34221.43
MinimumVisualStudioVersion = 10.0.40219.1
Project("{FAE04EC0-301F-11D3-BF4B-00C04F79EFBC}") = "ConAppAssignment7", "ConAppAssignment7.csproj", "{5DDD994A-29C1-4810-B3D4-A56839C4F033}"
EndProject
Global
	GlobalSection(SolutionConfigurationPlatforms) = preSolution
		Debug|Any CPU = Debug|Any CPU
		Release|Any CPU = Release|Any CPU
	EndGlobalSection
	GlobalSection(ProjectConfigurationPlatforms) = postSolution
		{5DDD994A-29C1-4810-B3D4-A56839C4F033}.Debug|Any CPU.ActiveCfg = Debug|Any CPU
		{5DDD994A-29C1-4810-B3D4-A56839C4F033}.Debug|Any CPU.Build.0 = Debug|Any CPU
		{5DDD994A-29C1-4810-B3D4-A56839C4F033}.Release|Any CPU.ActiveCfg = Release|Any CPU
		{5DDD994A-29C1-4810-B3D4-A56839C4F033}.Release|Any CPU.Build.0 = Release|Any CPU
	EndGlobalSection
	GlobalSection(SolutionProperties) = preSolution
		HideSolutionNode = FALSE
	EndGlobalSection
	GlobalSection(ExtensibilityGlobals) = postSolution
		SolutionGuid = {8AC723F2-0193-49A8-AF64-EC5F9CE0083C}
	EndGlobalSection
EndGlobal
